// !$*UTF8*$!
{
	archiveVersion = 1;
	classes = {
	};
	objectVersion = 52;
	objects = {

/* Begin PBXBuildFile section */
		7A965D3226E86A7D0040D706 /* FavoriteView.swift in Sources */ = {isa = PBXBuildFile; fileRef = 7A965D3126E86A7D0040D706 /* FavoriteView.swift */; };
		7A965D3426E86AB90040D706 /* FavoriteRow.swift in Sources */ = {isa = PBXBuildFile; fileRef = 7A965D3326E86AB90040D706 /* FavoriteRow.swift */; };
		7A965D4026E877B90040D706 /* APIService.swift in Sources */ = {isa = PBXBuildFile; fileRef = 7A965D3F26E877B90040D706 /* APIService.swift */; };
		7A9CD8BB26E70AC1002590A1 /* Core in Frameworks */ = {isa = PBXBuildFile; productRef = 7A9CD8BA26E70AC1002590A1 /* Core */; };
		7A9CD8BD26E70AC8002590A1 /* Game in Frameworks */ = {isa = PBXBuildFile; productRef = 7A9CD8BC26E70AC8002590A1 /* Game */; };
		7A9CD8BF26E7144C002590A1 /* Injection.swift in Sources */ = {isa = PBXBuildFile; fileRef = 7A9CD8BE26E7144C002590A1 /* Injection.swift */; };
		7A9CD8C126E71677002590A1 /* GameCenter.plist in Resources */ = {isa = PBXBuildFile; fileRef = 7A9CD8C026E71677002590A1 /* GameCenter.plist */; };
		7A9CD8C826E71702002590A1 /* ActivityIndicator.swift in Sources */ = {isa = PBXBuildFile; fileRef = 7A9CD8C526E71702002590A1 /* ActivityIndicator.swift */; };
		7A9CD8C926E71702002590A1 /* Modifier.swift in Sources */ = {isa = PBXBuildFile; fileRef = 7A9CD8C626E71702002590A1 /* Modifier.swift */; };
		7A9CD8CA26E71702002590A1 /* ColorManager.swift in Sources */ = {isa = PBXBuildFile; fileRef = 7A9CD8C726E71702002590A1 /* ColorManager.swift */; };
		7A9CD8D426E7179C002590A1 /* HomeRouter.swift in Sources */ = {isa = PBXBuildFile; fileRef = 7A9CD8CF26E7179C002590A1 /* HomeRouter.swift */; };
		7A9CD8D626E7179C002590A1 /* GameRow.swift in Sources */ = {isa = PBXBuildFile; fileRef = 7A9CD8D226E7179C002590A1 /* GameRow.swift */; };
		7A9CD8D726E7179C002590A1 /* HomeView.swift in Sources */ = {isa = PBXBuildFile; fileRef = 7A9CD8D326E7179C002590A1 /* HomeView.swift */; };
		7A9CD8D926E719CB002590A1 /* CustomEmptyView.swift in Sources */ = {isa = PBXBuildFile; fileRef = 7A9CD8D826E719CB002590A1 /* CustomEmptyView.swift */; };
		7A9CD8DB26E71F8E002590A1 /* AboutView.swift in Sources */ = {isa = PBXBuildFile; fileRef = 7A9CD8DA26E71F8E002590A1 /* AboutView.swift */; };
		7A9CD8DE26E72813002590A1 /* DetailView.swift in Sources */ = {isa = PBXBuildFile; fileRef = 7A9CD8DD26E72813002590A1 /* DetailView.swift */; };
		7AC89E7D26E600CC00B92C69 /* GameCenterApp.swift in Sources */ = {isa = PBXBuildFile; fileRef = 7AC89E7C26E600CC00B92C69 /* GameCenterApp.swift */; };
		7AC89E8126E600CF00B92C69 /* Assets.xcassets in Resources */ = {isa = PBXBuildFile; fileRef = 7AC89E8026E600CF00B92C69 /* Assets.xcassets */; };
		7AC89E8426E600CF00B92C69 /* Preview Assets.xcassets in Resources */ = {isa = PBXBuildFile; fileRef = 7AC89E8326E600CF00B92C69 /* Preview Assets.xcassets */; };
		7AC89ECA26E6108F00B92C69 /* Game in Resources */ = {isa = PBXBuildFile; fileRef = 7AC89EC926E6108F00B92C69 /* Game */; };
		7AC89ECD26E610FC00B92C69 /* Alamofire in Frameworks */ = {isa = PBXBuildFile; productRef = 7AC89ECC26E610FC00B92C69 /* Alamofire */; };
		7AC89ED026E6115300B92C69 /* RealmSwift in Frameworks */ = {isa = PBXBuildFile; productRef = 7AC89ECF26E6115300B92C69 /* RealmSwift */; };
		7AC89ED226E6115300B92C69 /* Realm in Frameworks */ = {isa = PBXBuildFile; productRef = 7AC89ED126E6115300B92C69 /* Realm */; };
		7AC89EDA26E611A400B92C69 /* SDWebImageSwiftUI in Frameworks */ = {isa = PBXBuildFile; productRef = 7AC89ED926E611A400B92C69 /* SDWebImageSwiftUI */; };
		7AC89EDD26E611CC00B92C69 /* SwiftUIX in Frameworks */ = {isa = PBXBuildFile; productRef = 7AC89EDC26E611CC00B92C69 /* SwiftUIX */; };
/* End PBXBuildFile section */

/* Begin PBXFileReference section */
		7A965D3126E86A7D0040D706 /* FavoriteView.swift */ = {isa = PBXFileReference; lastKnownFileType = sourcecode.swift; path = FavoriteView.swift; sourceTree = "<group>"; };
		7A965D3326E86AB90040D706 /* FavoriteRow.swift */ = {isa = PBXFileReference; lastKnownFileType = sourcecode.swift; path = FavoriteRow.swift; sourceTree = "<group>"; };
		7A965D3F26E877B90040D706 /* APIService.swift */ = {isa = PBXFileReference; fileEncoding = 4; lastKnownFileType = sourcecode.swift; path = APIService.swift; sourceTree = "<group>"; };
		7A9CD8BE26E7144C002590A1 /* Injection.swift */ = {isa = PBXFileReference; lastKnownFileType = sourcecode.swift; name = Injection.swift; path = ../../../../../../../../Desktop/Injection.swift; sourceTree = "<group>"; };
		7A9CD8C026E71677002590A1 /* GameCenter.plist */ = {isa = PBXFileReference; fileEncoding = 4; lastKnownFileType = text.plist.xml; path = GameCenter.plist; sourceTree = "<group>"; };
		7A9CD8C526E71702002590A1 /* ActivityIndicator.swift */ = {isa = PBXFileReference; fileEncoding = 4; lastKnownFileType = sourcecode.swift; path = ActivityIndicator.swift; sourceTree = "<group>"; };
		7A9CD8C626E71702002590A1 /* Modifier.swift */ = {isa = PBXFileReference; fileEncoding = 4; lastKnownFileType = sourcecode.swift; path = Modifier.swift; sourceTree = "<group>"; };
		7A9CD8C726E71702002590A1 /* ColorManager.swift */ = {isa = PBXFileReference; fileEncoding = 4; lastKnownFileType = sourcecode.swift; path = ColorManager.swift; sourceTree = "<group>"; };
		7A9CD8CF26E7179C002590A1 /* HomeRouter.swift */ = {isa = PBXFileReference; fileEncoding = 4; lastKnownFileType = sourcecode.swift; path = HomeRouter.swift; sourceTree = "<group>"; };
		7A9CD8D226E7179C002590A1 /* GameRow.swift */ = {isa = PBXFileReference; fileEncoding = 4; lastKnownFileType = sourcecode.swift; path = GameRow.swift; sourceTree = "<group>"; };
		7A9CD8D326E7179C002590A1 /* HomeView.swift */ = {isa = PBXFileReference; fileEncoding = 4; lastKnownFileType = sourcecode.swift; path = HomeView.swift; sourceTree = "<group>"; };
		7A9CD8D826E719CB002590A1 /* CustomEmptyView.swift */ = {isa = PBXFileReference; fileEncoding = 4; lastKnownFileType = sourcecode.swift; path = CustomEmptyView.swift; sourceTree = "<group>"; };
		7A9CD8DA26E71F8E002590A1 /* AboutView.swift */ = {isa = PBXFileReference; fileEncoding = 4; lastKnownFileType = sourcecode.swift; path = AboutView.swift; sourceTree = "<group>"; };
		7A9CD8DD26E72813002590A1 /* DetailView.swift */ = {isa = PBXFileReference; fileEncoding = 4; lastKnownFileType = sourcecode.swift; path = DetailView.swift; sourceTree = "<group>"; };
		7AC89E7926E600CC00B92C69 /* GameCenter.app */ = {isa = PBXFileReference; explicitFileType = wrapper.application; includeInIndex = 0; path = GameCenter.app; sourceTree = BUILT_PRODUCTS_DIR; };
		7AC89E7C26E600CC00B92C69 /* GameCenterApp.swift */ = {isa = PBXFileReference; lastKnownFileType = sourcecode.swift; path = GameCenterApp.swift; sourceTree = "<group>"; };
		7AC89E8026E600CF00B92C69 /* Assets.xcassets */ = {isa = PBXFileReference; lastKnownFileType = folder.assetcatalog; path = Assets.xcassets; sourceTree = "<group>"; };
		7AC89E8326E600CF00B92C69 /* Preview Assets.xcassets */ = {isa = PBXFileReference; lastKnownFileType = folder.assetcatalog; path = "Preview Assets.xcassets"; sourceTree = "<group>"; };
		7AC89E8526E600CF00B92C69 /* Info.plist */ = {isa = PBXFileReference; lastKnownFileType = text.plist.xml; path = Info.plist; sourceTree = "<group>"; };
		7AC89EC826E6108400B92C69 /* Core */ = {isa = PBXFileReference; lastKnownFileType = text; path = Core; sourceTree = SOURCE_ROOT; };
		7AC89EC926E6108F00B92C69 /* Game */ = {isa = PBXFileReference; fileEncoding = 4; lastKnownFileType = text; path = Game; sourceTree = SOURCE_ROOT; };
/* End PBXFileReference section */

/* Begin PBXFrameworksBuildPhase section */
		7AC89E7626E600CC00B92C69 /* Frameworks */ = {
			isa = PBXFrameworksBuildPhase;
			buildActionMask = 2147483647;
			files = (
				7AC89EDA26E611A400B92C69 /* SDWebImageSwiftUI in Frameworks */,
				7AC89ED226E6115300B92C69 /* Realm in Frameworks */,
				7A9CD8BD26E70AC8002590A1 /* Game in Frameworks */,
				7AC89ED026E6115300B92C69 /* RealmSwift in Frameworks */,
				7AC89EDD26E611CC00B92C69 /* SwiftUIX in Frameworks */,
				7AC89ECD26E610FC00B92C69 /* Alamofire in Frameworks */,
				7A9CD8BB26E70AC1002590A1 /* Core in Frameworks */,
			);
			runOnlyForDeploymentPostprocessing = 0;
		};
/* End PBXFrameworksBuildPhase section */

/* Begin PBXGroup section */
		7A965D3E26E877B90040D706 /* Network */ = {
			isa = PBXGroup;
			children = (
				7A965D3F26E877B90040D706 /* APIService.swift */,
			);
			name = Network;
			path = "../../../../iOS Expert - Submission 2/GameCenter/GameCenter/Core/Utils/Network";
			sourceTree = "<group>";
		};
		7A9CD8B926E70AC1002590A1 /* Frameworks */ = {
			isa = PBXGroup;
			children = (
			);
			name = Frameworks;
			sourceTree = "<group>";
		};
		7A9CD8C426E71702002590A1 /* View */ = {
			isa = PBXGroup;
			children = (
				7A9CD8D826E719CB002590A1 /* CustomEmptyView.swift */,
				7A9CD8C526E71702002590A1 /* ActivityIndicator.swift */,
				7A9CD8C626E71702002590A1 /* Modifier.swift */,
				7A9CD8C726E71702002590A1 /* ColorManager.swift */,
			);
			path = View;
			sourceTree = "<group>";
		};
		7A9CD8CE26E7179C002590A1 /* Router */ = {
			isa = PBXGroup;
			children = (
				7A9CD8CF26E7179C002590A1 /* HomeRouter.swift */,
			);
			path = Router;
			sourceTree = "<group>";
		};
		7A9CD8D126E7179C002590A1 /* View */ = {
			isa = PBXGroup;
			children = (
				7A9CD8D226E7179C002590A1 /* GameRow.swift */,
				7A9CD8D326E7179C002590A1 /* HomeView.swift */,
			);
			path = View;
			sourceTree = "<group>";
		};
		7A9CD8DC26E72813002590A1 /* View */ = {
			isa = PBXGroup;
			children = (
				7A9CD8DD26E72813002590A1 /* DetailView.swift */,
			);
			path = View;
			sourceTree = "<group>";
		};
		7AC89E7026E600CC00B92C69 = {
			isa = PBXGroup;
			children = (
				7AC89EC826E6108400B92C69 /* Core */,
				7AC89EC926E6108F00B92C69 /* Game */,
				7AC89E7B26E600CC00B92C69 /* GameCenter */,
				7AC89E7A26E600CC00B92C69 /* Products */,
				7A9CD8B926E70AC1002590A1 /* Frameworks */,
			);
			sourceTree = "<group>";
		};
		7AC89E7A26E600CC00B92C69 /* Products */ = {
			isa = PBXGroup;
			children = (
				7AC89E7926E600CC00B92C69 /* GameCenter.app */,
			);
			name = Products;
			sourceTree = "<group>";
		};
		7AC89E7B26E600CC00B92C69 /* GameCenter */ = {
			isa = PBXGroup;
			children = (
				7AC89EDE26E611EA00B92C69 /* App */,
				7AC89EDF26E611F100B92C69 /* Core */,
				7AC89EE026E611F600B92C69 /* Module */,
				7AC89EE126E611FE00B92C69 /* SupportingFiles */,
				7AC89E8526E600CF00B92C69 /* Info.plist */,
				7A9CD8C026E71677002590A1 /* GameCenter.plist */,
				7AC89E8226E600CF00B92C69 /* Preview Content */,
			);
			path = GameCenter;
			sourceTree = "<group>";
		};
		7AC89E8226E600CF00B92C69 /* Preview Content */ = {
			isa = PBXGroup;
			children = (
				7AC89E8326E600CF00B92C69 /* Preview Assets.xcassets */,
			);
			path = "Preview Content";
			sourceTree = "<group>";
		};
		7AC89EDE26E611EA00B92C69 /* App */ = {
			isa = PBXGroup;
			children = (
				7AC89E7C26E600CC00B92C69 /* GameCenterApp.swift */,
			);
			path = App;
			sourceTree = "<group>";
		};
		7AC89EDF26E611F100B92C69 /* Core */ = {
			isa = PBXGroup;
			children = (
				7AC89EE326E616CB00B92C69 /* Utils */,
				7AC89EE226E616C100B92C69 /* DI */,
			);
			path = Core;
			sourceTree = "<group>";
		};
		7AC89EE026E611F600B92C69 /* Module */ = {
			isa = PBXGroup;
			children = (
				7AC89EE726E6170E00B92C69 /* Detail */,
				7AC89EE626E6170800B92C69 /* Favorite */,
				7AC89EE526E616F900B92C69 /* About */,
				7AC89EE426E616F100B92C69 /* Home */,
			);
			path = Module;
			sourceTree = "<group>";
		};
		7AC89EE126E611FE00B92C69 /* SupportingFiles */ = {
			isa = PBXGroup;
			children = (
				7AC89E8026E600CF00B92C69 /* Assets.xcassets */,
			);
			path = SupportingFiles;
			sourceTree = "<group>";
		};
		7AC89EE226E616C100B92C69 /* DI */ = {
			isa = PBXGroup;
			children = (
				7A9CD8BE26E7144C002590A1 /* Injection.swift */,
			);
			path = DI;
			sourceTree = "<group>";
		};
		7AC89EE326E616CB00B92C69 /* Utils */ = {
			isa = PBXGroup;
			children = (
				7A965D3E26E877B90040D706 /* Network */,
				7A9CD8C426E71702002590A1 /* View */,
			);
			path = Utils;
			sourceTree = "<group>";
		};
		7AC89EE426E616F100B92C69 /* Home */ = {
			isa = PBXGroup;
			children = (
				7A9CD8CE26E7179C002590A1 /* Router */,
				7A9CD8D126E7179C002590A1 /* View */,
			);
			path = Home;
			sourceTree = "<group>";
		};
		7AC89EE526E616F900B92C69 /* About */ = {
			isa = PBXGroup;
			children = (
				7A9CD8DA26E71F8E002590A1 /* AboutView.swift */,
			);
			path = About;
			sourceTree = "<group>";
		};
		7AC89EE626E6170800B92C69 /* Favorite */ = {
			isa = PBXGroup;
			children = (
				7A965D3126E86A7D0040D706 /* FavoriteView.swift */,
				7A965D3326E86AB90040D706 /* FavoriteRow.swift */,
			);
			path = Favorite;
			sourceTree = "<group>";
		};
		7AC89EE726E6170E00B92C69 /* Detail */ = {
			isa = PBXGroup;
			children = (
				7A9CD8DC26E72813002590A1 /* View */,
			);
			path = Detail;
			sourceTree = "<group>";
		};
/* End PBXGroup section */

/* Begin PBXNativeTarget section */
		7AC89E7826E600CC00B92C69 /* GameCenter */ = {
			isa = PBXNativeTarget;
			buildConfigurationList = 7AC89E8826E600CF00B92C69 /* Build configuration list for PBXNativeTarget "GameCenter" */;
			buildPhases = (
				7AC89E7526E600CC00B92C69 /* Sources */,
				7AC89E7626E600CC00B92C69 /* Frameworks */,
				7AC89E7726E600CC00B92C69 /* Resources */,
			);
			buildRules = (
			);
			dependencies = (
			);
			name = GameCenter;
			packageProductDependencies = (
				7AC89ECC26E610FC00B92C69 /* Alamofire */,
				7AC89ECF26E6115300B92C69 /* RealmSwift */,
				7AC89ED126E6115300B92C69 /* Realm */,
				7AC89ED926E611A400B92C69 /* SDWebImageSwiftUI */,
				7AC89EDC26E611CC00B92C69 /* SwiftUIX */,
				7A9CD8BA26E70AC1002590A1 /* Core */,
				7A9CD8BC26E70AC8002590A1 /* Game */,
			);
			productName = GameCenter;
			productReference = 7AC89E7926E600CC00B92C69 /* GameCenter.app */;
			productType = "com.apple.product-type.application";
		};
/* End PBXNativeTarget section */

/* Begin PBXProject section */
		7AC89E7126E600CC00B92C69 /* Project object */ = {
			isa = PBXProject;
			attributes = {
				LastSwiftUpdateCheck = 1250;
				LastUpgradeCheck = 1250;
				TargetAttributes = {
					7AC89E7826E600CC00B92C69 = {
						CreatedOnToolsVersion = 12.5.1;
					};
				};
			};
			buildConfigurationList = 7AC89E7426E600CC00B92C69 /* Build configuration list for PBXProject "GameCenter" */;
			compatibilityVersion = "Xcode 9.3";
			developmentRegion = en;
			hasScannedForEncodings = 0;
			knownRegions = (
				en,
				Base,
			);
			mainGroup = 7AC89E7026E600CC00B92C69;
			packageReferences = (
				7AC89ECB26E610FC00B92C69 /* XCRemoteSwiftPackageReference "Alamofire" */,
				7AC89ECE26E6115300B92C69 /* XCRemoteSwiftPackageReference "realm-cocoa" */,
				7AC89ED826E611A400B92C69 /* XCRemoteSwiftPackageReference "SDWebImageSwiftUI" */,
				7AC89EDB26E611CC00B92C69 /* XCRemoteSwiftPackageReference "SwiftUIX" */,
			);
			productRefGroup = 7AC89E7A26E600CC00B92C69 /* Products */;
			projectDirPath = "";
			projectRoot = "";
			targets = (
				7AC89E7826E600CC00B92C69 /* GameCenter */,
			);
		};
/* End PBXProject section */

/* Begin PBXResourcesBuildPhase section */
		7AC89E7726E600CC00B92C69 /* Resources */ = {
			isa = PBXResourcesBuildPhase;
			buildActionMask = 2147483647;
			files = (
				7AC89ECA26E6108F00B92C69 /* Game in Resources */,
				7A9CD8C126E71677002590A1 /* GameCenter.plist in Resources */,
				7AC89E8426E600CF00B92C69 /* Preview Assets.xcassets in Resources */,
				7AC89E8126E600CF00B92C69 /* Assets.xcassets in Resources */,
			);
			runOnlyForDeploymentPostprocessing = 0;
		};
/* End PBXResourcesBuildPhase section */

/* Begin PBXSourcesBuildPhase section */
		7AC89E7526E600CC00B92C69 /* Sources */ = {
			isa = PBXSourcesBuildPhase;
			buildActionMask = 2147483647;
			files = (
				7A9CD8C826E71702002590A1 /* ActivityIndicator.swift in Sources */,
				7A9CD8DE26E72813002590A1 /* DetailView.swift in Sources */,
				7A9CD8DB26E71F8E002590A1 /* AboutView.swift in Sources */,
				7A9CD8D626E7179C002590A1 /* GameRow.swift in Sources */,
				7A9CD8D926E719CB002590A1 /* CustomEmptyView.swift in Sources */,
				7A9CD8BF26E7144C002590A1 /* Injection.swift in Sources */,
				7A9CD8D726E7179C002590A1 /* HomeView.swift in Sources */,
				7A965D3426E86AB90040D706 /* FavoriteRow.swift in Sources */,
				7A965D4026E877B90040D706 /* APIService.swift in Sources */,
				7A965D3226E86A7D0040D706 /* FavoriteView.swift in Sources */,
				7A9CD8CA26E71702002590A1 /* ColorManager.swift in Sources */,
				7A9CD8D426E7179C002590A1 /* HomeRouter.swift in Sources */,
				7AC89E7D26E600CC00B92C69 /* GameCenterApp.swift in Sources */,
				7A9CD8C926E71702002590A1 /* Modifier.swift in Sources */,
			);
			runOnlyForDeploymentPostprocessing = 0;
		};
/* End PBXSourcesBuildPhase section */

/* Begin XCBuildConfiguration section */
		7AC89E8626E600CF00B92C69 /* Debug */ = {
			isa = XCBuildConfiguration;
			buildSettings = {
				ALWAYS_SEARCH_USER_PATHS = NO;
				CLANG_ANALYZER_NONNULL = YES;
				CLANG_ANALYZER_NUMBER_OBJECT_CONVERSION = YES_AGGRESSIVE;
				CLANG_CXX_LANGUAGE_STANDARD = "gnu++14";
				CLANG_CXX_LIBRARY = "libc++";
				CLANG_ENABLE_MODULES = YES;
				CLANG_ENABLE_OBJC_ARC = YES;
				CLANG_ENABLE_OBJC_WEAK = YES;
				CLANG_WARN_BLOCK_CAPTURE_AUTORELEASING = YES;
				CLANG_WARN_BOOL_CONVERSION = YES;
				CLANG_WARN_COMMA = YES;
				CLANG_WARN_CONSTANT_CONVERSION = YES;
				CLANG_WARN_DEPRECATED_OBJC_IMPLEMENTATIONS = YES;
				CLANG_WARN_DIRECT_OBJC_ISA_USAGE = YES_ERROR;
				CLANG_WARN_DOCUMENTATION_COMMENTS = YES;
				CLANG_WARN_EMPTY_BODY = YES;
				CLANG_WARN_ENUM_CONVERSION = YES;
				CLANG_WARN_INFINITE_RECURSION = YES;
				CLANG_WARN_INT_CONVERSION = YES;
				CLANG_WARN_NON_LITERAL_NULL_CONVERSION = YES;
				CLANG_WARN_OBJC_IMPLICIT_RETAIN_SELF = YES;
				CLANG_WARN_OBJC_LITERAL_CONVERSION = YES;
				CLANG_WARN_OBJC_ROOT_CLASS = YES_ERROR;
				CLANG_WARN_QUOTED_INCLUDE_IN_FRAMEWORK_HEADER = YES;
				CLANG_WARN_RANGE_LOOP_ANALYSIS = YES;
				CLANG_WARN_STRICT_PROTOTYPES = YES;
				CLANG_WARN_SUSPICIOUS_MOVE = YES;
				CLANG_WARN_UNGUARDED_AVAILABILITY = YES_AGGRESSIVE;
				CLANG_WARN_UNREACHABLE_CODE = YES;
				CLANG_WARN__DUPLICATE_METHOD_MATCH = YES;
				COPY_PHASE_STRIP = NO;
				DEBUG_INFORMATION_FORMAT = dwarf;
				ENABLE_STRICT_OBJC_MSGSEND = YES;
				ENABLE_TESTABILITY = YES;
				GCC_C_LANGUAGE_STANDARD = gnu11;
				GCC_DYNAMIC_NO_PIC = NO;
				GCC_NO_COMMON_BLOCKS = YES;
				GCC_OPTIMIZATION_LEVEL = 0;
				GCC_PREPROCESSOR_DEFINITIONS = (
					"DEBUG=1",
					"$(inherited)",
				);
				GCC_WARN_64_TO_32_BIT_CONVERSION = YES;
				GCC_WARN_ABOUT_RETURN_TYPE = YES_ERROR;
				GCC_WARN_UNDECLARED_SELECTOR = YES;
				GCC_WARN_UNINITIALIZED_AUTOS = YES_AGGRESSIVE;
				GCC_WARN_UNUSED_FUNCTION = YES;
				GCC_WARN_UNUSED_VARIABLE = YES;
				IPHONEOS_DEPLOYMENT_TARGET = 14.5;
				MTL_ENABLE_DEBUG_INFO = INCLUDE_SOURCE;
				MTL_FAST_MATH = YES;
				ONLY_ACTIVE_ARCH = YES;
				SDKROOT = iphoneos;
				SWIFT_ACTIVE_COMPILATION_CONDITIONS = DEBUG;
				SWIFT_OPTIMIZATION_LEVEL = "-Onone";
			};
			name = Debug;
		};
		7AC89E8726E600CF00B92C69 /* Release */ = {
			isa = XCBuildConfiguration;
			buildSettings = {
				ALWAYS_SEARCH_USER_PATHS = NO;
				CLANG_ANALYZER_NONNULL = YES;
				CLANG_ANALYZER_NUMBER_OBJECT_CONVERSION = YES_AGGRESSIVE;
				CLANG_CXX_LANGUAGE_STANDARD = "gnu++14";
				CLANG_CXX_LIBRARY = "libc++";
				CLANG_ENABLE_MODULES = YES;
				CLANG_ENABLE_OBJC_ARC = YES;
				CLANG_ENABLE_OBJC_WEAK = YES;
				CLANG_WARN_BLOCK_CAPTURE_AUTORELEASING = YES;
				CLANG_WARN_BOOL_CONVERSION = YES;
				CLANG_WARN_COMMA = YES;
				CLANG_WARN_CONSTANT_CONVERSION = YES;
				CLANG_WARN_DEPRECATED_OBJC_IMPLEMENTATIONS = YES;
				CLANG_WARN_DIRECT_OBJC_ISA_USAGE = YES_ERROR;
				CLANG_WARN_DOCUMENTATION_COMMENTS = YES;
				CLANG_WARN_EMPTY_BODY = YES;
				CLANG_WARN_ENUM_CONVERSION = YES;
				CLANG_WARN_INFINITE_RECURSION = YES;
				CLANG_WARN_INT_CONVERSION = YES;
				CLANG_WARN_NON_LITERAL_NULL_CONVERSION = YES;
				CLANG_WARN_OBJC_IMPLICIT_RETAIN_SELF = YES;
				CLANG_WARN_OBJC_LITERAL_CONVERSION = YES;
				CLANG_WARN_OBJC_ROOT_CLASS = YES_ERROR;
				CLANG_WARN_QUOTED_INCLUDE_IN_FRAMEWORK_HEADER = YES;
				CLANG_WARN_RANGE_LOOP_ANALYSIS = YES;
				CLANG_WARN_STRICT_PROTOTYPES = YES;
				CLANG_WARN_SUSPICIOUS_MOVE = YES;
				CLANG_WARN_UNGUARDED_AVAILABILITY = YES_AGGRESSIVE;
				CLANG_WARN_UNREACHABLE_CODE = YES;
				CLANG_WARN__DUPLICATE_METHOD_MATCH = YES;
				COPY_PHASE_STRIP = NO;
				DEBUG_INFORMATION_FORMAT = "dwarf-with-dsym";
				ENABLE_NS_ASSERTIONS = NO;
				ENABLE_STRICT_OBJC_MSGSEND = YES;
				GCC_C_LANGUAGE_STANDARD = gnu11;
				GCC_NO_COMMON_BLOCKS = YES;
				GCC_WARN_64_TO_32_BIT_CONVERSION = YES;
				GCC_WARN_ABOUT_RETURN_TYPE = YES_ERROR;
				GCC_WARN_UNDECLARED_SELECTOR = YES;
				GCC_WARN_UNINITIALIZED_AUTOS = YES_AGGRESSIVE;
				GCC_WARN_UNUSED_FUNCTION = YES;
				GCC_WARN_UNUSED_VARIABLE = YES;
				IPHONEOS_DEPLOYMENT_TARGET = 14.5;
				MTL_ENABLE_DEBUG_INFO = NO;
				MTL_FAST_MATH = YES;
				SDKROOT = iphoneos;
				SWIFT_COMPILATION_MODE = wholemodule;
				SWIFT_OPTIMIZATION_LEVEL = "-O";
				VALIDATE_PRODUCT = YES;
			};
			name = Release;
		};
		7AC89E8926E600CF00B92C69 /* Debug */ = {
			isa = XCBuildConfiguration;
			buildSettings = {
				ASSETCATALOG_COMPILER_APPICON_NAME = AppIcon;
				ASSETCATALOG_COMPILER_GLOBAL_ACCENT_COLOR_NAME = AccentColor;
				CODE_SIGN_STYLE = Automatic;
				DEVELOPMENT_ASSET_PATHS = "\"GameCenter/Preview Content\"";
				ENABLE_PREVIEWS = YES;
				INFOPLIST_FILE = GameCenter/Info.plist;
				IPHONEOS_DEPLOYMENT_TARGET = 14.0;
				LD_RUNPATH_SEARCH_PATHS = (
					"$(inherited)",
					"@executable_path/Frameworks",
				);
				PRODUCT_BUNDLE_IDENTIFIER = com.furqoncreative.app.GameCenter;
				PRODUCT_NAME = "$(TARGET_NAME)";
				SWIFT_VERSION = 5.0;
				TARGETED_DEVICE_FAMILY = "1,2";
			};
			name = Debug;
		};
		7AC89E8A26E600CF00B92C69 /* Release */ = {
			isa = XCBuildConfiguration;
			buildSettings = {
				ASSETCATALOG_COMPILER_APPICON_NAME = AppIcon;
				ASSETCATALOG_COMPILER_GLOBAL_ACCENT_COLOR_NAME = AccentColor;
				CODE_SIGN_STYLE = Automatic;
				DEVELOPMENT_ASSET_PATHS = "\"GameCenter/Preview Content\"";
				ENABLE_PREVIEWS = YES;
				INFOPLIST_FILE = GameCenter/Info.plist;
				IPHONEOS_DEPLOYMENT_TARGET = 14.0;
				LD_RUNPATH_SEARCH_PATHS = (
					"$(inherited)",
					"@executable_path/Frameworks",
				);
				PRODUCT_BUNDLE_IDENTIFIER = com.furqoncreative.app.GameCenter;
				PRODUCT_NAME = "$(TARGET_NAME)";
				SWIFT_VERSION = 5.0;
				TARGETED_DEVICE_FAMILY = "1,2";
			};
			name = Release;
		};
/* End XCBuildConfiguration section */

/* Begin XCConfigurationList section */
		7AC89E7426E600CC00B92C69 /* Build configuration list for PBXProject "GameCenter" */ = {
			isa = XCConfigurationList;
			buildConfigurations = (
				7AC89E8626E600CF00B92C69 /* Debug */,
				7AC89E8726E600CF00B92C69 /* Release */,
			);
			defaultConfigurationIsVisible = 0;
			defaultConfigurationName = Release;
		};
		7AC89E8826E600CF00B92C69 /* Build configuration list for PBXNativeTarget "GameCenter" */ = {
			isa = XCConfigurationList;
			buildConfigurations = (
				7AC89E8926E600CF00B92C69 /* Debug */,
				7AC89E8A26E600CF00B92C69 /* Release */,
			);
			defaultConfigurationIsVisible = 0;
			defaultConfigurationName = Release;
		};
/* End XCConfigurationList section */

/* Begin XCRemoteSwiftPackageReference section */
		7AC89ECB26E610FC00B92C69 /* XCRemoteSwiftPackageReference "Alamofire" */ = {
			isa = XCRemoteSwiftPackageReference;
			repositoryURL = "https://github.com/Alamofire/Alamofire";
			requirement = {
				kind = upToNextMajorVersion;
				minimumVersion = 5.4.3;
			};
		};
		7AC89ECE26E6115300B92C69 /* XCRemoteSwiftPackageReference "realm-cocoa" */ = {
			isa = XCRemoteSwiftPackageReference;
			repositoryURL = "https://github.com/realm/realm-cocoa";
			requirement = {
				kind = upToNextMajorVersion;
				minimumVersion = 10.14.0;
			};
		};
		7AC89ED826E611A400B92C69 /* XCRemoteSwiftPackageReference "SDWebImageSwiftUI" */ = {
			isa = XCRemoteSwiftPackageReference;
			repositoryURL = "https://github.com/SDWebImage/SDWebImageSwiftUI";
			requirement = {
				kind = upToNextMajorVersion;
				minimumVersion = 2.0.2;
			};
		};
		7AC89EDB26E611CC00B92C69 /* XCRemoteSwiftPackageReference "SwiftUIX" */ = {
			isa = XCRemoteSwiftPackageReference;
			repositoryURL = "https://github.com/SwiftUIX/SwiftUIX";
			requirement = {
				kind = upToNextMajorVersion;
				minimumVersion = 0.0.8;
			};
		};
/* End XCRemoteSwiftPackageReference section */

/* Begin XCSwiftPackageProductDependency section */
		7A9CD8BA26E70AC1002590A1 /* Core */ = {
			isa = XCSwiftPackageProductDependency;
			productName = Core;
		};
		7A9CD8BC26E70AC8002590A1 /* Game */ = {
			isa = XCSwiftPackageProductDependency;
			productName = Game;
		};
		7AC89ECC26E610FC00B92C69 /* Alamofire */ = {
			isa = XCSwiftPackageProductDependency;
			package = 7AC89ECB26E610FC00B92C69 /* XCRemoteSwiftPackageReference "Alamofire" */;
			productName = Alamofire;
		};
		7AC89ECF26E6115300B92C69 /* RealmSwift */ = {
			isa = XCSwiftPackageProductDependency;
			package = 7AC89ECE26E6115300B92C69 /* XCRemoteSwiftPackageReference "realm-cocoa" */;
			productName = RealmSwift;
		};
		7AC89ED126E6115300B92C69 /* Realm */ = {
			isa = XCSwiftPackageProductDependency;
			package = 7AC89ECE26E6115300B92C69 /* XCRemoteSwiftPackageReference "realm-cocoa" */;
			productName = Realm;
		};
		7AC89ED926E611A400B92C69 /* SDWebImageSwiftUI */ = {
			isa = XCSwiftPackageProductDependency;
			package = 7AC89ED826E611A400B92C69 /* XCRemoteSwiftPackageReference "SDWebImageSwiftUI" */;
			productName = SDWebImageSwiftUI;
		};
		7AC89EDC26E611CC00B92C69 /* SwiftUIX */ = {
			isa = XCSwiftPackageProductDependency;
			package = 7AC89EDB26E611CC00B92C69 /* XCRemoteSwiftPackageReference "SwiftUIX" */;
			productName = SwiftUIX;
		};
/* End XCSwiftPackageProductDependency section */
	};
	rootObject = 7AC89E7126E600CC00B92C69 /* Project object */;
}
